
Microsoft Visual Studio Solution File, Format Version 12.00
# Visual Studio Version 17
VisualStudioVersion = 17.7.34031.279
MinimumVisualStudioVersion = 10.0.40219.1
Project("{9A19103F-16F7-4668-BE54-9A1E7A4F7556}") = "Ex_1.3", "Ex_1.3\Ex_1.3.csproj", "{25983AD2-CCED-4431-A562-5D3D0973E1F9}"
EndProject
Project("{FAE04EC0-301F-11D3-BF4B-00C04F79EFBC}") = "Ex_1.6", "Ex_1.6\Ex_1.6.csproj", "{9E3C3144-5E0E-4ABA-8F59-A78046858368}"
EndProject
Global
	GlobalSection(SolutionConfigurationPlatforms) = preSolution
		Debug|Any CPU = Debug|Any CPU
		Release|Any CPU = Release|Any CPU
	EndGlobalSection
	GlobalSection(ProjectConfigurationPlatforms) = postSolution
		{25983AD2-CCED-4431-A562-5D3D0973E1F9}.Debug|Any CPU.ActiveCfg = Debug|Any CPU
		{25983AD2-CCED-4431-A562-5D3D0973E1F9}.Debug|Any CPU.Build.0 = Debug|Any CPU
		{25983AD2-CCED-4431-A562-5D3D0973E1F9}.Release|Any CPU.ActiveCfg = Release|Any CPU
		{25983AD2-CCED-4431-A562-5D3D0973E1F9}.Release|Any CPU.Build.0 = Release|Any CPU
		{9E3C3144-5E0E-4ABA-8F59-A78046858368}.Debug|Any CPU.ActiveCfg = Debug|Any CPU
		{9E3C3144-5E0E-4ABA-8F59-A78046858368}.Debug|Any CPU.Build.0 = Debug|Any CPU
		{9E3C3144-5E0E-4ABA-8F59-A78046858368}.Release|Any CPU.ActiveCfg = Release|Any CPU
		{9E3C3144-5E0E-4ABA-8F59-A78046858368}.Release|Any CPU.Build.0 = Release|Any CPU
	EndGlobalSection
	GlobalSection(SolutionProperties) = preSolution
		HideSolutionNode = FALSE
	EndGlobalSection
	GlobalSection(ExtensibilityGlobals) = postSolution
		SolutionGuid = {04C5F88B-6CF9-4271-B0F5-DAB123F04877}
	EndGlobalSection
EndGlobal
